
Microsoft Visual Studio Solution File, Format Version 12.00
# Visual Studio 15
Project("{FAE04EC0-301F-11D3-BF4B-00C04F79EFBC}") = "SeekQ.Geo.Api", "SeekQ.Geo.Api\SeekQ.Geo.Api.csproj", "{C74EE41B-5538-4DC2-A696-CE6B83BF2D13}"
EndProject
Project("{2150E333-8FDC-42A3-9474-1A3956D46DE8}") = "Services", "Services", "{BEEA7360-8E4D-471A-B8B9-F4EA5223C614}"
EndProject
Project("{2150E333-8FDC-42A3-9474-1A3956D46DE8}") = "BuldingBlocks", "BuldingBlocks", "{5C7AC764-99FF-46D3-AD23-F4488AD7A165}"
EndProject
Project("{E53339B2-1760-4266-BCC7-CA923CBCF16C}") = "docker-compose", "docker-compose.dcproj", "{97699733-FA99-4C4A-A7B3-F0E3D2C3CBF4}"
EndProject
Project("{FAE04EC0-301F-11D3-BF4B-00C04F79EFBC}") = "App.Common", "..\App.Common\App.Common\App.Common.csproj", "{8942AB3D-DDE4-4F16-B9F3-9782889D42A5}"
EndProject
Global
	GlobalSection(SolutionConfigurationPlatforms) = preSolution
		Debug|Any CPU = Debug|Any CPU
		Release|Any CPU = Release|Any CPU
	EndGlobalSection
	GlobalSection(ProjectConfigurationPlatforms) = postSolution
		{C74EE41B-5538-4DC2-A696-CE6B83BF2D13}.Debug|Any CPU.ActiveCfg = Debug|Any CPU
		{C74EE41B-5538-4DC2-A696-CE6B83BF2D13}.Debug|Any CPU.Build.0 = Debug|Any CPU
		{C74EE41B-5538-4DC2-A696-CE6B83BF2D13}.Release|Any CPU.ActiveCfg = Release|Any CPU
		{C74EE41B-5538-4DC2-A696-CE6B83BF2D13}.Release|Any CPU.Build.0 = Release|Any CPU
		{97699733-FA99-4C4A-A7B3-F0E3D2C3CBF4}.Debug|Any CPU.ActiveCfg = Debug|Any CPU
		{97699733-FA99-4C4A-A7B3-F0E3D2C3CBF4}.Debug|Any CPU.Build.0 = Debug|Any CPU
		{97699733-FA99-4C4A-A7B3-F0E3D2C3CBF4}.Release|Any CPU.ActiveCfg = Release|Any CPU
		{97699733-FA99-4C4A-A7B3-F0E3D2C3CBF4}.Release|Any CPU.Build.0 = Release|Any CPU
		{8942AB3D-DDE4-4F16-B9F3-9782889D42A5}.Debug|Any CPU.ActiveCfg = Debug|Any CPU
		{8942AB3D-DDE4-4F16-B9F3-9782889D42A5}.Debug|Any CPU.Build.0 = Debug|Any CPU
		{8942AB3D-DDE4-4F16-B9F3-9782889D42A5}.Release|Any CPU.ActiveCfg = Release|Any CPU
		{8942AB3D-DDE4-4F16-B9F3-9782889D42A5}.Release|Any CPU.Build.0 = Release|Any CPU
	EndGlobalSection
	GlobalSection(NestedProjects) = preSolution
		{C74EE41B-5538-4DC2-A696-CE6B83BF2D13} = {BEEA7360-8E4D-471A-B8B9-F4EA5223C614}
		{8942AB3D-DDE4-4F16-B9F3-9782889D42A5} = {5C7AC764-99FF-46D3-AD23-F4488AD7A165}
	EndGlobalSection
EndGlobal
